
Microsoft Visual Studio Solution File, Format Version 12.00
# Visual Studio Version 17
VisualStudioVersion = 17.11.35303.130
MinimumVisualStudioVersion = 10.0.40219.1
Project("{FAE04EC0-301F-11D3-BF4B-00C04F79EFBC}") = "IdCode", "IdCode.csproj", "{2A096E7C-595D-4403-B0C9-45FC1BD922D6}"
EndProject
Global
	GlobalSection(SolutionConfigurationPlatforms) = preSolution
		Debug|Any CPU = Debug|Any CPU
		Release|Any CPU = Release|Any CPU
	EndGlobalSection
	GlobalSection(ProjectConfigurationPlatforms) = postSolution
		{2A096E7C-595D-4403-B0C9-45FC1BD922D6}.Debug|Any CPU.ActiveCfg = Debug|Any CPU
		{2A096E7C-595D-4403-B0C9-45FC1BD922D6}.Debug|Any CPU.Build.0 = Debug|Any CPU
		{2A096E7C-595D-4403-B0C9-45FC1BD922D6}.Release|Any CPU.ActiveCfg = Release|Any CPU
		{2A096E7C-595D-4403-B0C9-45FC1BD922D6}.Release|Any CPU.Build.0 = Release|Any CPU
	EndGlobalSection
	GlobalSection(SolutionProperties) = preSolution
		HideSolutionNode = FALSE
	EndGlobalSection
	GlobalSection(ExtensibilityGlobals) = postSolution
		SolutionGuid = {FA3277D6-CE42-40D7-8F7A-5B161A83D2DB}
	EndGlobalSection
EndGlobal
